
Microsoft Visual Studio Solution File, Format Version 12.00
# Visual Studio Version 16
VisualStudioVersion = 16.0.29806.167
MinimumVisualStudioVersion = 10.0.40219.1
Project("{2150E333-8FDC-42A3-9474-1A3956D46DE8}") = "Presentation", "Presentation", "{9593E539-A4DD-4D24-97C4-151769458797}"
EndProject
Project("{9A19103F-16F7-4668-BE54-9A1E7A4F7556}") = "WebUI", "src\WebUI\WebUI.csproj", "{EC53AF68-3072-4750-ADA8-F2E388A4BAA8}"
EndProject
Project("{2150E333-8FDC-42A3-9474-1A3956D46DE8}") = "Core", "Core", "{BEEE5F1E-A057-452A-B0FD-94A78DE018AD}"
EndProject
Project("{9A19103F-16F7-4668-BE54-9A1E7A4F7556}") = "Application", "src\Application\Application.csproj", "{4B316627-6BDB-4663-BF4C-3D9AD14833F5}"
EndProject
Project("{9A19103F-16F7-4668-BE54-9A1E7A4F7556}") = "Domain", "src\Domain\Domain.csproj", "{D240A74E-78C3-4A7B-A2BE-EF60FCBC0D9A}"
EndProject
Project("{2150E333-8FDC-42A3-9474-1A3956D46DE8}") = "Infrastructure", "Infrastructure", "{23E88303-7E73-4320-B393-BFEA638C43CB}"
EndProject
Project("{9A19103F-16F7-4668-BE54-9A1E7A4F7556}") = "Persistence", "src\Persistence\Persistence.csproj", "{491B3913-912F-4051-9B9A-027E791C12EA}"
EndProject
Project("{2150E333-8FDC-42A3-9474-1A3956D46DE8}") = "WPF", "WPF", "{629A9094-1A20-4596-8F32-9DBF11D1DA36}"
EndProject
Project("{9A19103F-16F7-4668-BE54-9A1E7A4F7556}") = "Infrastructure", "src\Infrastructure\Infrastructure.csproj", "{7469C76B-1DB5-4B8A-BC64-C265524D67D8}"
EndProject
Project("{FAE04EC0-301F-11D3-BF4B-00C04F79EFBC}") = "DesktopUI", "src\DesktopUI\DesktopUI.csproj", "{66DEC666-F51C-4FA1-BC5D-183E95076C7C}"
EndProject
Project("{FAE04EC0-301F-11D3-BF4B-00C04F79EFBC}") = "DesktopUI.Library", "src\DesktopUI.Library\DesktopUI.Library.csproj", "{FD848ADF-5C06-410A-AC22-B353546FDE9B}"
EndProject
Global
	GlobalSection(SolutionConfigurationPlatforms) = preSolution
		Debug|Any CPU = Debug|Any CPU
		Release|Any CPU = Release|Any CPU
	EndGlobalSection
	GlobalSection(ProjectConfigurationPlatforms) = postSolution
		{EC53AF68-3072-4750-ADA8-F2E388A4BAA8}.Debug|Any CPU.ActiveCfg = Debug|Any CPU
		{EC53AF68-3072-4750-ADA8-F2E388A4BAA8}.Debug|Any CPU.Build.0 = Debug|Any CPU
		{EC53AF68-3072-4750-ADA8-F2E388A4BAA8}.Release|Any CPU.ActiveCfg = Release|Any CPU
		{EC53AF68-3072-4750-ADA8-F2E388A4BAA8}.Release|Any CPU.Build.0 = Release|Any CPU
		{4B316627-6BDB-4663-BF4C-3D9AD14833F5}.Debug|Any CPU.ActiveCfg = Debug|Any CPU
		{4B316627-6BDB-4663-BF4C-3D9AD14833F5}.Debug|Any CPU.Build.0 = Debug|Any CPU
		{4B316627-6BDB-4663-BF4C-3D9AD14833F5}.Release|Any CPU.ActiveCfg = Release|Any CPU
		{4B316627-6BDB-4663-BF4C-3D9AD14833F5}.Release|Any CPU.Build.0 = Release|Any CPU
		{D240A74E-78C3-4A7B-A2BE-EF60FCBC0D9A}.Debug|Any CPU.ActiveCfg = Debug|Any CPU
		{D240A74E-78C3-4A7B-A2BE-EF60FCBC0D9A}.Debug|Any CPU.Build.0 = Debug|Any CPU
		{D240A74E-78C3-4A7B-A2BE-EF60FCBC0D9A}.Release|Any CPU.ActiveCfg = Release|Any CPU
		{D240A74E-78C3-4A7B-A2BE-EF60FCBC0D9A}.Release|Any CPU.Build.0 = Release|Any CPU
		{491B3913-912F-4051-9B9A-027E791C12EA}.Debug|Any CPU.ActiveCfg = Debug|Any CPU
		{491B3913-912F-4051-9B9A-027E791C12EA}.Debug|Any CPU.Build.0 = Debug|Any CPU
		{491B3913-912F-4051-9B9A-027E791C12EA}.Release|Any CPU.ActiveCfg = Release|Any CPU
		{491B3913-912F-4051-9B9A-027E791C12EA}.Release|Any CPU.Build.0 = Release|Any CPU
		{7469C76B-1DB5-4B8A-BC64-C265524D67D8}.Debug|Any CPU.ActiveCfg = Debug|Any CPU
		{7469C76B-1DB5-4B8A-BC64-C265524D67D8}.Debug|Any CPU.Build.0 = Debug|Any CPU
		{7469C76B-1DB5-4B8A-BC64-C265524D67D8}.Release|Any CPU.ActiveCfg = Release|Any CPU
		{7469C76B-1DB5-4B8A-BC64-C265524D67D8}.Release|Any CPU.Build.0 = Release|Any CPU
		{66DEC666-F51C-4FA1-BC5D-183E95076C7C}.Debug|Any CPU.ActiveCfg = Debug|Any CPU
		{66DEC666-F51C-4FA1-BC5D-183E95076C7C}.Debug|Any CPU.Build.0 = Debug|Any CPU
		{66DEC666-F51C-4FA1-BC5D-183E95076C7C}.Release|Any CPU.ActiveCfg = Release|Any CPU
		{66DEC666-F51C-4FA1-BC5D-183E95076C7C}.Release|Any CPU.Build.0 = Release|Any CPU
		{FD848ADF-5C06-410A-AC22-B353546FDE9B}.Debug|Any CPU.ActiveCfg = Debug|Any CPU
		{FD848ADF-5C06-410A-AC22-B353546FDE9B}.Debug|Any CPU.Build.0 = Debug|Any CPU
		{FD848ADF-5C06-410A-AC22-B353546FDE9B}.Release|Any CPU.ActiveCfg = Release|Any CPU
		{FD848ADF-5C06-410A-AC22-B353546FDE9B}.Release|Any CPU.Build.0 = Release|Any CPU
	EndGlobalSection
	GlobalSection(SolutionProperties) = preSolution
		HideSolutionNode = FALSE
	EndGlobalSection
	GlobalSection(NestedProjects) = preSolution
		{EC53AF68-3072-4750-ADA8-F2E388A4BAA8} = {9593E539-A4DD-4D24-97C4-151769458797}
		{4B316627-6BDB-4663-BF4C-3D9AD14833F5} = {BEEE5F1E-A057-452A-B0FD-94A78DE018AD}
		{D240A74E-78C3-4A7B-A2BE-EF60FCBC0D9A} = {BEEE5F1E-A057-452A-B0FD-94A78DE018AD}
		{491B3913-912F-4051-9B9A-027E791C12EA} = {23E88303-7E73-4320-B393-BFEA638C43CB}
		{7469C76B-1DB5-4B8A-BC64-C265524D67D8} = {23E88303-7E73-4320-B393-BFEA638C43CB}
		{66DEC666-F51C-4FA1-BC5D-183E95076C7C} = {629A9094-1A20-4596-8F32-9DBF11D1DA36}
		{FD848ADF-5C06-410A-AC22-B353546FDE9B} = {629A9094-1A20-4596-8F32-9DBF11D1DA36}
	EndGlobalSection
	GlobalSection(ExtensibilityGlobals) = postSolution
		SolutionGuid = {F955E2F6-A347-4882-9AA4-5D4C5FD4FCA4}
	EndGlobalSection
EndGlobal
